// !$*UTF8*$!
{
	archiveVersion = 1;
	classes = {
	};
	objectVersion = 56;
	objects = {

/* Begin PBXBuildFile section */
		5D08417529FAF4E700561ED4 /* CulturedApp.swift in Sources */ = {isa = PBXBuildFile; fileRef = 5D08417429FAF4E700561ED4 /* CulturedApp.swift */; };
		5D08417729FAF4E700561ED4 /* DistrictsView.swift in Sources */ = {isa = PBXBuildFile; fileRef = 5D08417629FAF4E700561ED4 /* DistrictsView.swift */; };
		5D08417929FAF4E800561ED4 /* Assets.xcassets in Resources */ = {isa = PBXBuildFile; fileRef = 5D08417829FAF4E800561ED4 /* Assets.xcassets */; };
		5D08417C29FAF4E800561ED4 /* Preview Assets.xcassets in Resources */ = {isa = PBXBuildFile; fileRef = 5D08417B29FAF4E800561ED4 /* Preview Assets.xcassets */; };
		5D08418629FAF76900561ED4 /* Location.swift in Sources */ = {isa = PBXBuildFile; fileRef = 5D08418529FAF76900561ED4 /* Location.swift */; };
		5D08418929FAFB7000561ED4 /* LocationsDataService.swift in Sources */ = {isa = PBXBuildFile; fileRef = 5D08418829FAFB7000561ED4 /* LocationsDataService.swift */; };
		5D08418B29FB136200561ED4 /* LocationsViewModel.swift in Sources */ = {isa = PBXBuildFile; fileRef = 5D08418A29FB136200561ED4 /* LocationsViewModel.swift */; };
		5D08418D29FB6AA500561ED4 /* DistrictsListView.swift in Sources */ = {isa = PBXBuildFile; fileRef = 5D08418C29FB6AA500561ED4 /* DistrictsListView.swift */; };
		5D08418F29FC009B00561ED4 /* LocationsTabListView.swift in Sources */ = {isa = PBXBuildFile; fileRef = 5D08418E29FC009B00561ED4 /* LocationsTabListView.swift */; };
		5D08419129FC079B00561ED4 /* TabButtonsView.swift in Sources */ = {isa = PBXBuildFile; fileRef = 5D08419029FC079B00561ED4 /* TabButtonsView.swift */; };
		5D08419329FC38AA00561ED4 /* DetroitDialView.swift in Sources */ = {isa = PBXBuildFile; fileRef = 5D08419229FC38AA00561ED4 /* DetroitDialView.swift */; };
		5D08419529FDDB1200561ED4 /* TaskListView.swift in Sources */ = {isa = PBXBuildFile; fileRef = 5D08419429FDDB1200561ED4 /* TaskListView.swift */; };
		5D0841D22A02D8A700561ED4 /* AllDialsView.swift in Sources */ = {isa = PBXBuildFile; fileRef = 5D0841D12A02D8A700561ED4 /* AllDialsView.swift */; };
		5D0841D42A03408700561ED4 /* DistrictDialsView.swift in Sources */ = {isa = PBXBuildFile; fileRef = 5D0841D32A03408700561ED4 /* DistrictDialsView.swift */; };
		5DB0D1A62A07B9CA009654DB /* DiscoveredButtonView.swift in Sources */ = {isa = PBXBuildFile; fileRef = 5DB0D1A52A07B9CA009654DB /* DiscoveredButtonView.swift */; };
		5DB0D1A82A07BD1E009654DB /* DiscoveredLocationView.swift in Sources */ = {isa = PBXBuildFile; fileRef = 5DB0D1A72A07BD1E009654DB /* DiscoveredLocationView.swift */; };
		5DB0D1AA2A07D43C009654DB /* LocaleSuggestionsView.swift in Sources */ = {isa = PBXBuildFile; fileRef = 5DB0D1A92A07D43C009654DB /* LocaleSuggestionsView.swift */; };
		5DB0D1AC2A07D468009654DB /* SuggestedButtonView.swift in Sources */ = {isa = PBXBuildFile; fileRef = 5DB0D1AB2A07D468009654DB /* SuggestedButtonView.swift */; };
		5DB0D1AE2A08809E009654DB /* NavigationTestView.swift in Sources */ = {isa = PBXBuildFile; fileRef = 5DB0D1AD2A08809E009654DB /* NavigationTestView.swift */; };
		5DB0D1B02A0984E6009654DB /* TaskRowView.swift in Sources */ = {isa = PBXBuildFile; fileRef = 5DB0D1AF2A0984E6009654DB /* TaskRowView.swift */; };
		5DB0D1B22A098BFC009654DB /* DistrictPickerView.swift in Sources */ = {isa = PBXBuildFile; fileRef = 5DB0D1B12A098BFC009654DB /* DistrictPickerView.swift */; };
/* End PBXBuildFile section */

/* Begin PBXFileReference section */
		5D08417129FAF4E700561ED4 /* Cultured.app */ = {isa = PBXFileReference; explicitFileType = wrapper.application; includeInIndex = 0; path = Cultured.app; sourceTree = BUILT_PRODUCTS_DIR; };
		5D08417429FAF4E700561ED4 /* CulturedApp.swift */ = {isa = PBXFileReference; lastKnownFileType = sourcecode.swift; path = CulturedApp.swift; sourceTree = "<group>"; };
		5D08417629FAF4E700561ED4 /* DistrictsView.swift */ = {isa = PBXFileReference; lastKnownFileType = sourcecode.swift; path = DistrictsView.swift; sourceTree = "<group>"; };
		5D08417829FAF4E800561ED4 /* Assets.xcassets */ = {isa = PBXFileReference; lastKnownFileType = folder.assetcatalog; path = Assets.xcassets; sourceTree = "<group>"; };
		5D08417B29FAF4E800561ED4 /* Preview Assets.xcassets */ = {isa = PBXFileReference; lastKnownFileType = folder.assetcatalog; path = "Preview Assets.xcassets"; sourceTree = "<group>"; };
		5D08418529FAF76900561ED4 /* Location.swift */ = {isa = PBXFileReference; lastKnownFileType = sourcecode.swift; path = Location.swift; sourceTree = "<group>"; };
		5D08418829FAFB7000561ED4 /* LocationsDataService.swift */ = {isa = PBXFileReference; lastKnownFileType = sourcecode.swift; path = LocationsDataService.swift; sourceTree = "<group>"; };
		5D08418A29FB136200561ED4 /* LocationsViewModel.swift */ = {isa = PBXFileReference; lastKnownFileType = sourcecode.swift; path = LocationsViewModel.swift; sourceTree = "<group>"; };
		5D08418C29FB6AA500561ED4 /* DistrictsListView.swift */ = {isa = PBXFileReference; lastKnownFileType = sourcecode.swift; path = DistrictsListView.swift; sourceTree = "<group>"; };
		5D08418E29FC009B00561ED4 /* LocationsTabListView.swift */ = {isa = PBXFileReference; lastKnownFileType = sourcecode.swift; path = LocationsTabListView.swift; sourceTree = "<group>"; };
		5D08419029FC079B00561ED4 /* TabButtonsView.swift */ = {isa = PBXFileReference; lastKnownFileType = sourcecode.swift; path = TabButtonsView.swift; sourceTree = "<group>"; };
		5D08419229FC38AA00561ED4 /* DetroitDialView.swift */ = {isa = PBXFileReference; lastKnownFileType = sourcecode.swift; path = DetroitDialView.swift; sourceTree = "<group>"; };
		5D08419429FDDB1200561ED4 /* TaskListView.swift */ = {isa = PBXFileReference; lastKnownFileType = sourcecode.swift; path = TaskListView.swift; sourceTree = "<group>"; };
		5D0841D12A02D8A700561ED4 /* AllDialsView.swift */ = {isa = PBXFileReference; lastKnownFileType = sourcecode.swift; path = AllDialsView.swift; sourceTree = "<group>"; };
		5D0841D32A03408700561ED4 /* DistrictDialsView.swift */ = {isa = PBXFileReference; lastKnownFileType = sourcecode.swift; path = DistrictDialsView.swift; sourceTree = "<group>"; };
		5DB0D1A52A07B9CA009654DB /* DiscoveredButtonView.swift */ = {isa = PBXFileReference; lastKnownFileType = sourcecode.swift; path = DiscoveredButtonView.swift; sourceTree = "<group>"; };
		5DB0D1A72A07BD1E009654DB /* DiscoveredLocationView.swift */ = {isa = PBXFileReference; lastKnownFileType = sourcecode.swift; path = DiscoveredLocationView.swift; sourceTree = "<group>"; };
		5DB0D1A92A07D43C009654DB /* LocaleSuggestionsView.swift */ = {isa = PBXFileReference; lastKnownFileType = sourcecode.swift; path = LocaleSuggestionsView.swift; sourceTree = "<group>"; };
		5DB0D1AB2A07D468009654DB /* SuggestedButtonView.swift */ = {isa = PBXFileReference; lastKnownFileType = sourcecode.swift; path = SuggestedButtonView.swift; sourceTree = "<group>"; };
		5DB0D1AD2A08809E009654DB /* NavigationTestView.swift */ = {isa = PBXFileReference; lastKnownFileType = sourcecode.swift; path = NavigationTestView.swift; sourceTree = "<group>"; };
		5DB0D1AF2A0984E6009654DB /* TaskRowView.swift */ = {isa = PBXFileReference; lastKnownFileType = sourcecode.swift; path = TaskRowView.swift; sourceTree = "<group>"; };
		5DB0D1B12A098BFC009654DB /* DistrictPickerView.swift */ = {isa = PBXFileReference; lastKnownFileType = sourcecode.swift; path = DistrictPickerView.swift; sourceTree = "<group>"; };
/* End PBXFileReference section */

/* Begin PBXFrameworksBuildPhase section */
		5D08416E29FAF4E700561ED4 /* Frameworks */ = {
			isa = PBXFrameworksBuildPhase;
			buildActionMask = 2147483647;
			files = (
			);
			runOnlyForDeploymentPostprocessing = 0;
		};
/* End PBXFrameworksBuildPhase section */

/* Begin PBXGroup section */
		5D08416829FAF4E700561ED4 = {
			isa = PBXGroup;
			children = (
				5D08417329FAF4E700561ED4 /* Cultured */,
				5D08417229FAF4E700561ED4 /* Products */,
			);
			sourceTree = "<group>";
		};
		5D08417229FAF4E700561ED4 /* Products */ = {
			isa = PBXGroup;
			children = (
				5D08417129FAF4E700561ED4 /* Cultured.app */,
			);
			name = Products;
			sourceTree = "<group>";
		};
		5D08417329FAF4E700561ED4 /* Cultured */ = {
			isa = PBXGroup;
			children = (
				5D08417429FAF4E700561ED4 /* CulturedApp.swift */,
				5D08418729FAFB2700561ED4 /* DataServices */,
				5D08418429FAF61400561ED4 /* Views */,
				5D08418329FAF60900561ED4 /* ViewModels */,
				5D08418229FAF5FD00561ED4 /* Models */,
				5D08417829FAF4E800561ED4 /* Assets.xcassets */,
				5D08417A29FAF4E800561ED4 /* Preview Content */,
			);
			path = Cultured;
			sourceTree = "<group>";
		};
		5D08417A29FAF4E800561ED4 /* Preview Content */ = {
			isa = PBXGroup;
			children = (
				5D08417B29FAF4E800561ED4 /* Preview Assets.xcassets */,
			);
			path = "Preview Content";
			sourceTree = "<group>";
		};
		5D08418229FAF5FD00561ED4 /* Models */ = {
			isa = PBXGroup;
			children = (
				5D08418529FAF76900561ED4 /* Location.swift */,
			);
			path = Models;
			sourceTree = "<group>";
		};
		5D08418329FAF60900561ED4 /* ViewModels */ = {
			isa = PBXGroup;
			children = (
				5D08418A29FB136200561ED4 /* LocationsViewModel.swift */,
			);
			path = ViewModels;
			sourceTree = "<group>";
		};
		5D08418429FAF61400561ED4 /* Views */ = {
			isa = PBXGroup;
			children = (
				5D08417629FAF4E700561ED4 /* DistrictsView.swift */,
				5D08418C29FB6AA500561ED4 /* DistrictsListView.swift */,
				5D08419429FDDB1200561ED4 /* TaskListView.swift */,
				5DB0D1A92A07D43C009654DB /* LocaleSuggestionsView.swift */,
				5DB0D1A72A07BD1E009654DB /* DiscoveredLocationView.swift */,
				5D08418E29FC009B00561ED4 /* LocationsTabListView.swift */,
				5D08419029FC079B00561ED4 /* TabButtonsView.swift */,
				5D0841D12A02D8A700561ED4 /* AllDialsView.swift */,
				5D08419229FC38AA00561ED4 /* DetroitDialView.swift */,
				5D0841D32A03408700561ED4 /* DistrictDialsView.swift */,
				5DB0D1A52A07B9CA009654DB /* DiscoveredButtonView.swift */,
				5DB0D1AB2A07D468009654DB /* SuggestedButtonView.swift */,
				5DB0D1AD2A08809E009654DB /* NavigationTestView.swift */,
				5DB0D1AF2A0984E6009654DB /* TaskRowView.swift */,
				5DB0D1B12A098BFC009654DB /* DistrictPickerView.swift */,
			);
			path = Views;
			sourceTree = "<group>";
		};
		5D08418729FAFB2700561ED4 /* DataServices */ = {
			isa = PBXGroup;
			children = (
				5D08418829FAFB7000561ED4 /* LocationsDataService.swift */,
			);
			path = DataServices;
			sourceTree = "<group>";
		};
/* End PBXGroup section */

/* Begin PBXNativeTarget section */
		5D08417029FAF4E700561ED4 /* Cultured */ = {
			isa = PBXNativeTarget;
			buildConfigurationList = 5D08417F29FAF4E800561ED4 /* Build configuration list for PBXNativeTarget "Cultured" */;
			buildPhases = (
				5D08416D29FAF4E700561ED4 /* Sources */,
				5D08416E29FAF4E700561ED4 /* Frameworks */,
				5D08416F29FAF4E700561ED4 /* Resources */,
			);
			buildRules = (
			);
			dependencies = (
			);
			name = Cultured;
			productName = Cultured;
			productReference = 5D08417129FAF4E700561ED4 /* Cultured.app */;
			productType = "com.apple.product-type.application";
		};
/* End PBXNativeTarget section */

/* Begin PBXProject section */
		5D08416929FAF4E700561ED4 /* Project object */ = {
			isa = PBXProject;
			attributes = {
				BuildIndependentTargetsInParallel = 1;
				LastSwiftUpdateCheck = 1430;
				LastUpgradeCheck = 1430;
				TargetAttributes = {
					5D08417029FAF4E700561ED4 = {
						CreatedOnToolsVersion = 14.3;
					};
				};
			};
			buildConfigurationList = 5D08416C29FAF4E700561ED4 /* Build configuration list for PBXProject "Cultured" */;
			compatibilityVersion = "Xcode 14.0";
			developmentRegion = en;
			hasScannedForEncodings = 0;
			knownRegions = (
				en,
				Base,
			);
			mainGroup = 5D08416829FAF4E700561ED4;
			productRefGroup = 5D08417229FAF4E700561ED4 /* Products */;
			projectDirPath = "";
			projectRoot = "";
			targets = (
				5D08417029FAF4E700561ED4 /* Cultured */,
			);
		};
/* End PBXProject section */

/* Begin PBXResourcesBuildPhase section */
		5D08416F29FAF4E700561ED4 /* Resources */ = {
			isa = PBXResourcesBuildPhase;
			buildActionMask = 2147483647;
			files = (
				5D08417C29FAF4E800561ED4 /* Preview Assets.xcassets in Resources */,
				5D08417929FAF4E800561ED4 /* Assets.xcassets in Resources */,
			);
			runOnlyForDeploymentPostprocessing = 0;
		};
/* End PBXResourcesBuildPhase section */

/* Begin PBXSourcesBuildPhase section */
		5D08416D29FAF4E700561ED4 /* Sources */ = {
			isa = PBXSourcesBuildPhase;
			buildActionMask = 2147483647;
			files = (
				5D08417729FAF4E700561ED4 /* DistrictsView.swift in Sources */,
				5DB0D1AA2A07D43C009654DB /* LocaleSuggestionsView.swift in Sources */,
				5D08418629FAF76900561ED4 /* Location.swift in Sources */,
				5DB0D1A62A07B9CA009654DB /* DiscoveredButtonView.swift in Sources */,
				5D08419129FC079B00561ED4 /* TabButtonsView.swift in Sources */,
				5D08417529FAF4E700561ED4 /* CulturedApp.swift in Sources */,
				5DB0D1AC2A07D468009654DB /* SuggestedButtonView.swift in Sources */,
				5DB0D1B22A098BFC009654DB /* DistrictPickerView.swift in Sources */,
				5D08418D29FB6AA500561ED4 /* DistrictsListView.swift in Sources */,
				5D08418F29FC009B00561ED4 /* LocationsTabListView.swift in Sources */,
				5D08419329FC38AA00561ED4 /* DetroitDialView.swift in Sources */,
				5DB0D1B02A0984E6009654DB /* TaskRowView.swift in Sources */,
				5D08419529FDDB1200561ED4 /* TaskListView.swift in Sources */,
				5D0841D42A03408700561ED4 /* DistrictDialsView.swift in Sources */,
				5DB0D1AE2A08809E009654DB /* NavigationTestView.swift in Sources */,
				5D08418929FAFB7000561ED4 /* LocationsDataService.swift in Sources */,
				5DB0D1A82A07BD1E009654DB /* DiscoveredLocationView.swift in Sources */,
				5D0841D22A02D8A700561ED4 /* AllDialsView.swift in Sources */,
				5D08418B29FB136200561ED4 /* LocationsViewModel.swift in Sources */,
			);
			runOnlyForDeploymentPostprocessing = 0;
		};
/* End PBXSourcesBuildPhase section */

/* Begin XCBuildConfiguration section */
		5D08417D29FAF4E800561ED4 /* Debug */ = {
			isa = XCBuildConfiguration;
			buildSettings = {
				ALWAYS_SEARCH_USER_PATHS = NO;
				CLANG_ANALYZER_NONNULL = YES;
				CLANG_ANALYZER_NUMBER_OBJECT_CONVERSION = YES_AGGRESSIVE;
				CLANG_CXX_LANGUAGE_STANDARD = "gnu++20";
				CLANG_ENABLE_MODULES = YES;
				CLANG_ENABLE_OBJC_ARC = YES;
				CLANG_ENABLE_OBJC_WEAK = YES;
				CLANG_WARN_BLOCK_CAPTURE_AUTORELEASING = YES;
				CLANG_WARN_BOOL_CONVERSION = YES;
				CLANG_WARN_COMMA = YES;
				CLANG_WARN_CONSTANT_CONVERSION = YES;
				CLANG_WARN_DEPRECATED_OBJC_IMPLEMENTATIONS = YES;
				CLANG_WARN_DIRECT_OBJC_ISA_USAGE = YES_ERROR;
				CLANG_WARN_DOCUMENTATION_COMMENTS = YES;
				CLANG_WARN_EMPTY_BODY = YES;
				CLANG_WARN_ENUM_CONVERSION = YES;
				CLANG_WARN_INFINITE_RECURSION = YES;
				CLANG_WARN_INT_CONVERSION = YES;
				CLANG_WARN_NON_LITERAL_NULL_CONVERSION = YES;
				CLANG_WARN_OBJC_IMPLICIT_RETAIN_SELF = YES;
				CLANG_WARN_OBJC_LITERAL_CONVERSION = YES;
				CLANG_WARN_OBJC_ROOT_CLASS = YES_ERROR;
				CLANG_WARN_QUOTED_INCLUDE_IN_FRAMEWORK_HEADER = YES;
				CLANG_WARN_RANGE_LOOP_ANALYSIS = YES;
				CLANG_WARN_STRICT_PROTOTYPES = YES;
				CLANG_WARN_SUSPICIOUS_MOVE = YES;
				CLANG_WARN_UNGUARDED_AVAILABILITY = YES_AGGRESSIVE;
				CLANG_WARN_UNREACHABLE_CODE = YES;
				CLANG_WARN__DUPLICATE_METHOD_MATCH = YES;
				COPY_PHASE_STRIP = NO;
				DEBUG_INFORMATION_FORMAT = dwarf;
				ENABLE_STRICT_OBJC_MSGSEND = YES;
				ENABLE_TESTABILITY = YES;
				GCC_C_LANGUAGE_STANDARD = gnu11;
				GCC_DYNAMIC_NO_PIC = NO;
				GCC_NO_COMMON_BLOCKS = YES;
				GCC_OPTIMIZATION_LEVEL = 0;
				GCC_PREPROCESSOR_DEFINITIONS = (
					"DEBUG=1",
					"$(inherited)",
				);
				GCC_WARN_64_TO_32_BIT_CONVERSION = YES;
				GCC_WARN_ABOUT_RETURN_TYPE = YES_ERROR;
				GCC_WARN_UNDECLARED_SELECTOR = YES;
				GCC_WARN_UNINITIALIZED_AUTOS = YES_AGGRESSIVE;
				GCC_WARN_UNUSED_FUNCTION = YES;
				GCC_WARN_UNUSED_VARIABLE = YES;
				IPHONEOS_DEPLOYMENT_TARGET = 16.4;
				MTL_ENABLE_DEBUG_INFO = INCLUDE_SOURCE;
				MTL_FAST_MATH = YES;
				ONLY_ACTIVE_ARCH = YES;
				SDKROOT = iphoneos;
				SWIFT_ACTIVE_COMPILATION_CONDITIONS = DEBUG;
				SWIFT_OPTIMIZATION_LEVEL = "-Onone";
			};
			name = Debug;
		};
		5D08417E29FAF4E800561ED4 /* Release */ = {
			isa = XCBuildConfiguration;
			buildSettings = {
				ALWAYS_SEARCH_USER_PATHS = NO;
				CLANG_ANALYZER_NONNULL = YES;
				CLANG_ANALYZER_NUMBER_OBJECT_CONVERSION = YES_AGGRESSIVE;
				CLANG_CXX_LANGUAGE_STANDARD = "gnu++20";
				CLANG_ENABLE_MODULES = YES;
				CLANG_ENABLE_OBJC_ARC = YES;
				CLANG_ENABLE_OBJC_WEAK = YES;
				CLANG_WARN_BLOCK_CAPTURE_AUTORELEASING = YES;
				CLANG_WARN_BOOL_CONVERSION = YES;
				CLANG_WARN_COMMA = YES;
				CLANG_WARN_CONSTANT_CONVERSION = YES;
				CLANG_WARN_DEPRECATED_OBJC_IMPLEMENTATIONS = YES;
				CLANG_WARN_DIRECT_OBJC_ISA_USAGE = YES_ERROR;
				CLANG_WARN_DOCUMENTATION_COMMENTS = YES;
				CLANG_WARN_EMPTY_BODY = YES;
				CLANG_WARN_ENUM_CONVERSION = YES;
				CLANG_WARN_INFINITE_RECURSION = YES;
				CLANG_WARN_INT_CONVERSION = YES;
				CLANG_WARN_NON_LITERAL_NULL_CONVERSION = YES;
				CLANG_WARN_OBJC_IMPLICIT_RETAIN_SELF = YES;
				CLANG_WARN_OBJC_LITERAL_CONVERSION = YES;
				CLANG_WARN_OBJC_ROOT_CLASS = YES_ERROR;
				CLANG_WARN_QUOTED_INCLUDE_IN_FRAMEWORK_HEADER = YES;
				CLANG_WARN_RANGE_LOOP_ANALYSIS = YES;
				CLANG_WARN_STRICT_PROTOTYPES = YES;
				CLANG_WARN_SUSPICIOUS_MOVE = YES;
				CLANG_WARN_UNGUARDED_AVAILABILITY = YES_AGGRESSIVE;
				CLANG_WARN_UNREACHABLE_CODE = YES;
				CLANG_WARN__DUPLICATE_METHOD_MATCH = YES;
				COPY_PHASE_STRIP = NO;
				DEBUG_INFORMATION_FORMAT = "dwarf-with-dsym";
				ENABLE_NS_ASSERTIONS = NO;
				ENABLE_STRICT_OBJC_MSGSEND = YES;
				GCC_C_LANGUAGE_STANDARD = gnu11;
				GCC_NO_COMMON_BLOCKS = YES;
				GCC_WARN_64_TO_32_BIT_CONVERSION = YES;
				GCC_WARN_ABOUT_RETURN_TYPE = YES_ERROR;
				GCC_WARN_UNDECLARED_SELECTOR = YES;
				GCC_WARN_UNINITIALIZED_AUTOS = YES_AGGRESSIVE;
				GCC_WARN_UNUSED_FUNCTION = YES;
				GCC_WARN_UNUSED_VARIABLE = YES;
				IPHONEOS_DEPLOYMENT_TARGET = 16.4;
				MTL_ENABLE_DEBUG_INFO = NO;
				MTL_FAST_MATH = YES;
				SDKROOT = iphoneos;
				SWIFT_COMPILATION_MODE = wholemodule;
				SWIFT_OPTIMIZATION_LEVEL = "-O";
				VALIDATE_PRODUCT = YES;
			};
			name = Release;
		};
		5D08418029FAF4E800561ED4 /* Debug */ = {
			isa = XCBuildConfiguration;
			buildSettings = {
				ASSETCATALOG_COMPILER_APPICON_NAME = AppIcon;
				ASSETCATALOG_COMPILER_GLOBAL_ACCENT_COLOR_NAME = AccentColor;
				CODE_SIGN_STYLE = Automatic;
				CURRENT_PROJECT_VERSION = 1;
				DEVELOPMENT_ASSET_PATHS = "\"Cultured/Preview Content\"";
				DEVELOPMENT_TEAM = UUFQ8XM5Q7;
				ENABLE_PREVIEWS = YES;
				GENERATE_INFOPLIST_FILE = YES;
				INFOPLIST_KEY_UIApplicationSceneManifest_Generation = YES;
				INFOPLIST_KEY_UIApplicationSupportsIndirectInputEvents = YES;
				INFOPLIST_KEY_UILaunchScreen_Generation = YES;
				INFOPLIST_KEY_UISupportedInterfaceOrientations_iPad = "UIInterfaceOrientationPortrait UIInterfaceOrientationPortraitUpsideDown UIInterfaceOrientationLandscapeLeft UIInterfaceOrientationLandscapeRight";
				INFOPLIST_KEY_UISupportedInterfaceOrientations_iPhone = "UIInterfaceOrientationPortrait UIInterfaceOrientationLandscapeLeft UIInterfaceOrientationLandscapeRight";
				IPHONEOS_DEPLOYMENT_TARGET = 16.0;
				LD_RUNPATH_SEARCH_PATHS = (
					"$(inherited)",
					"@executable_path/Frameworks",
				);
				MARKETING_VERSION = 1.0;
				PRODUCT_BUNDLE_IDENTIFIER = me.omar.davidson.Cultured;
				PRODUCT_NAME = "$(TARGET_NAME)";
				SWIFT_EMIT_LOC_STRINGS = YES;
				SWIFT_VERSION = 5.0;
				TARGETED_DEVICE_FAMILY = "1,2";
			};
			name = Debug;
		};
		5D08418129FAF4E800561ED4 /* Release */ = {
			isa = XCBuildConfiguration;
			buildSettings = {
				ASSETCATALOG_COMPILER_APPICON_NAME = AppIcon;
				ASSETCATALOG_COMPILER_GLOBAL_ACCENT_COLOR_NAME = AccentColor;
				CODE_SIGN_STYLE = Automatic;
				CURRENT_PROJECT_VERSION = 1;
				DEVELOPMENT_ASSET_PATHS = "\"Cultured/Preview Content\"";
				DEVELOPMENT_TEAM = UUFQ8XM5Q7;
				ENABLE_PREVIEWS = YES;
				GENERATE_INFOPLIST_FILE = YES;
				INFOPLIST_KEY_UIApplicationSceneManifest_Generation = YES;
				INFOPLIST_KEY_UIApplicationSupportsIndirectInputEvents = YES;
				INFOPLIST_KEY_UILaunchScreen_Generation = YES;
				INFOPLIST_KEY_UISupportedInterfaceOrientations_iPad = "UIInterfaceOrientationPortrait UIInterfaceOrientationPortraitUpsideDown UIInterfaceOrientationLandscapeLeft UIInterfaceOrientationLandscapeRight";
				INFOPLIST_KEY_UISupportedInterfaceOrientations_iPhone = "UIInterfaceOrientationPortrait UIInterfaceOrientationLandscapeLeft UIInterfaceOrientationLandscapeRight";
				IPHONEOS_DEPLOYMENT_TARGET = 16.0;
				LD_RUNPATH_SEARCH_PATHS = (
					"$(inherited)",
					"@executable_path/Frameworks",
				);
				MARKETING_VERSION = 1.0;
				PRODUCT_BUNDLE_IDENTIFIER = me.omar.davidson.Cultured;
				PRODUCT_NAME = "$(TARGET_NAME)";
				SWIFT_EMIT_LOC_STRINGS = YES;
				SWIFT_VERSION = 5.0;
				TARGETED_DEVICE_FAMILY = "1,2";
			};
			name = Release;
		};
/* End XCBuildConfiguration section */

/* Begin XCConfigurationList section */
		5D08416C29FAF4E700561ED4 /* Build configuration list for PBXProject "Cultured" */ = {
			isa = XCConfigurationList;
			buildConfigurations = (
				5D08417D29FAF4E800561ED4 /* Debug */,
				5D08417E29FAF4E800561ED4 /* Release */,
			);
			defaultConfigurationIsVisible = 0;
			defaultConfigurationName = Release;
		};
		5D08417F29FAF4E800561ED4 /* Build configuration list for PBXNativeTarget "Cultured" */ = {
			isa = XCConfigurationList;
			buildConfigurations = (
				5D08418029FAF4E800561ED4 /* Debug */,
				5D08418129FAF4E800561ED4 /* Release */,
			);
			defaultConfigurationIsVisible = 0;
			defaultConfigurationName = Release;
		};
/* End XCConfigurationList section */
	};
	rootObject = 5D08416929FAF4E700561ED4 /* Project object */;
}
